
Microsoft Visual Studio Solution File, Format Version 12.00
# Visual Studio Version 16
VisualStudioVersion = 16.0.31005.135
MinimumVisualStudioVersion = 10.0.40219.1
Project("{F184B08F-C81C-45F6-A57F-5ABD9991F28F}") = "Programa16", "Programa16.vbproj", "{C0052699-2BC9-4505-A3D2-E245E549D51D}"
EndProject
Global
	GlobalSection(SolutionConfigurationPlatforms) = preSolution
		Debug|Any CPU = Debug|Any CPU
		Release|Any CPU = Release|Any CPU
	EndGlobalSection
	GlobalSection(ProjectConfigurationPlatforms) = postSolution
		{C0052699-2BC9-4505-A3D2-E245E549D51D}.Debug|Any CPU.ActiveCfg = Debug|Any CPU
		{C0052699-2BC9-4505-A3D2-E245E549D51D}.Debug|Any CPU.Build.0 = Debug|Any CPU
		{C0052699-2BC9-4505-A3D2-E245E549D51D}.Release|Any CPU.ActiveCfg = Release|Any CPU
		{C0052699-2BC9-4505-A3D2-E245E549D51D}.Release|Any CPU.Build.0 = Release|Any CPU
	EndGlobalSection
	GlobalSection(SolutionProperties) = preSolution
		HideSolutionNode = FALSE
	EndGlobalSection
	GlobalSection(ExtensibilityGlobals) = postSolution
		SolutionGuid = {648D1AF8-3476-4ACC-B044-1929A213DEA6}
	EndGlobalSection
EndGlobal
