
Microsoft Visual Studio Solution File, Format Version 12.00
# Visual Studio Version 16
VisualStudioVersion = 16.0.31005.135
MinimumVisualStudioVersion = 10.0.40219.1
Project("{F184B08F-C81C-45F6-A57F-5ABD9991F28F}") = "Programa14", "Programa14.vbproj", "{BF3810B1-30B6-4CAC-8D05-412BE57C86B9}"
EndProject
Global
	GlobalSection(SolutionConfigurationPlatforms) = preSolution
		Debug|Any CPU = Debug|Any CPU
		Release|Any CPU = Release|Any CPU
	EndGlobalSection
	GlobalSection(ProjectConfigurationPlatforms) = postSolution
		{BF3810B1-30B6-4CAC-8D05-412BE57C86B9}.Debug|Any CPU.ActiveCfg = Debug|Any CPU
		{BF3810B1-30B6-4CAC-8D05-412BE57C86B9}.Debug|Any CPU.Build.0 = Debug|Any CPU
		{BF3810B1-30B6-4CAC-8D05-412BE57C86B9}.Release|Any CPU.ActiveCfg = Release|Any CPU
		{BF3810B1-30B6-4CAC-8D05-412BE57C86B9}.Release|Any CPU.Build.0 = Release|Any CPU
	EndGlobalSection
	GlobalSection(SolutionProperties) = preSolution
		HideSolutionNode = FALSE
	EndGlobalSection
	GlobalSection(ExtensibilityGlobals) = postSolution
		SolutionGuid = {3E442FCF-98CB-4573-A4D5-3C2C96612A27}
	EndGlobalSection
EndGlobal
